
Microsoft Visual Studio Solution File, Format Version 12.00
# Visual Studio Version 16
VisualStudioVersion = 16.0.34407.143
MinimumVisualStudioVersion = 10.0.40219.1
Project("{FAE04EC0-301F-11D3-BF4B-00C04F79EFBC}") = "MyProjectForGitHubPractice", "MyProjectForGitHubPractice\MyProjectForGitHubPractice.csproj", "{B7CFCF6C-9591-4396-9CA4-224B937B761C}"
EndProject
Global
	GlobalSection(SolutionConfigurationPlatforms) = preSolution
		Debug|Any CPU = Debug|Any CPU
		Release|Any CPU = Release|Any CPU
	EndGlobalSection
	GlobalSection(ProjectConfigurationPlatforms) = postSolution
		{B7CFCF6C-9591-4396-9CA4-224B937B761C}.Debug|Any CPU.ActiveCfg = Debug|Any CPU
		{B7CFCF6C-9591-4396-9CA4-224B937B761C}.Debug|Any CPU.Build.0 = Debug|Any CPU
		{B7CFCF6C-9591-4396-9CA4-224B937B761C}.Release|Any CPU.ActiveCfg = Release|Any CPU
		{B7CFCF6C-9591-4396-9CA4-224B937B761C}.Release|Any CPU.Build.0 = Release|Any CPU
	EndGlobalSection
	GlobalSection(SolutionProperties) = preSolution
		HideSolutionNode = FALSE
	EndGlobalSection
	GlobalSection(ExtensibilityGlobals) = postSolution
		SolutionGuid = {9D7B6E5C-248C-45CC-9B00-2328DD6D6384}
	EndGlobalSection
EndGlobal
